
Microsoft Visual Studio Solution File, Format Version 12.00
Project("{FAE04EC0-301F-11D3-BF4B-00C04F79EFBC}") = "SS.Email.API", "SS.Email.API\SS.Email.API.csproj", "{C54AED24-14DB-49AB-B872-0D6016D3B371}"
EndProject
Project("{FAE04EC0-301F-11D3-BF4B-00C04F79EFBC}") = "SS.Base.Domain", "..\SS.Base.Domain\SS.Base.Domain.csproj", "{E9A0BB0D-ECF5-4516-80E8-60C22849C71A}"
EndProject
Global
	GlobalSection(SolutionConfigurationPlatforms) = preSolution
		Debug|Any CPU = Debug|Any CPU
		Release|Any CPU = Release|Any CPU
	EndGlobalSection
	GlobalSection(ProjectConfigurationPlatforms) = postSolution
		{C54AED24-14DB-49AB-B872-0D6016D3B371}.Debug|Any CPU.ActiveCfg = Debug|Any CPU
		{C54AED24-14DB-49AB-B872-0D6016D3B371}.Debug|Any CPU.Build.0 = Debug|Any CPU
		{C54AED24-14DB-49AB-B872-0D6016D3B371}.Release|Any CPU.ActiveCfg = Release|Any CPU
		{C54AED24-14DB-49AB-B872-0D6016D3B371}.Release|Any CPU.Build.0 = Release|Any CPU
		{E9A0BB0D-ECF5-4516-80E8-60C22849C71A}.Debug|Any CPU.ActiveCfg = Debug|Any CPU
		{E9A0BB0D-ECF5-4516-80E8-60C22849C71A}.Debug|Any CPU.Build.0 = Debug|Any CPU
		{E9A0BB0D-ECF5-4516-80E8-60C22849C71A}.Release|Any CPU.ActiveCfg = Release|Any CPU
		{E9A0BB0D-ECF5-4516-80E8-60C22849C71A}.Release|Any CPU.Build.0 = Release|Any CPU
	EndGlobalSection
EndGlobal
