
Microsoft Visual Studio Solution File, Format Version 12.00
# Visual Studio Version 17
VisualStudioVersion = 17.11.35312.102
MinimumVisualStudioVersion = 10.0.40219.1
Project("{9A19103F-16F7-4668-BE54-9A1E7A4F7556}") = "SS.Web.API", "SS.Web.API.csproj", "{3F26678B-395F-4E0F-BCBB-EEFED56CC7CD}"
EndProject
Project("{9A19103F-16F7-4668-BE54-9A1E7A4F7556}") = "SS.Base.Domain", "..\SS.Base.Domain\SS.Base.Domain.csproj", "{D2A71A33-D820-4F94-987C-F08822701425}"
EndProject
Project("{9A19103F-16F7-4668-BE54-9A1E7A4F7556}") = "SS.Base.Infrastructure", "..\SS.Base.Infrastructure\SS.Base.Infrastructure.csproj", "{1002756B-D4EB-4279-8715-F802A2468155}"
EndProject
Project("{9A19103F-16F7-4668-BE54-9A1E7A4F7556}") = "SS.Base.Application", "..\SS.Base.Application\SS.Base.Application.csproj", "{E596A759-4E45-4191-B407-84E595FF0B11}"
EndProject
Global
	GlobalSection(SolutionConfigurationPlatforms) = preSolution
		Debug|Any CPU = Debug|Any CPU
		Release|Any CPU = Release|Any CPU
	EndGlobalSection
	GlobalSection(ProjectConfigurationPlatforms) = postSolution
		{3F26678B-395F-4E0F-BCBB-EEFED56CC7CD}.Debug|Any CPU.ActiveCfg = Debug|Any CPU
		{3F26678B-395F-4E0F-BCBB-EEFED56CC7CD}.Debug|Any CPU.Build.0 = Debug|Any CPU
		{3F26678B-395F-4E0F-BCBB-EEFED56CC7CD}.Release|Any CPU.ActiveCfg = Release|Any CPU
		{3F26678B-395F-4E0F-BCBB-EEFED56CC7CD}.Release|Any CPU.Build.0 = Release|Any CPU
		{D2A71A33-D820-4F94-987C-F08822701425}.Debug|Any CPU.ActiveCfg = Debug|Any CPU
		{D2A71A33-D820-4F94-987C-F08822701425}.Debug|Any CPU.Build.0 = Debug|Any CPU
		{D2A71A33-D820-4F94-987C-F08822701425}.Release|Any CPU.ActiveCfg = Release|Any CPU
		{D2A71A33-D820-4F94-987C-F08822701425}.Release|Any CPU.Build.0 = Release|Any CPU
		{1002756B-D4EB-4279-8715-F802A2468155}.Debug|Any CPU.ActiveCfg = Debug|Any CPU
		{1002756B-D4EB-4279-8715-F802A2468155}.Debug|Any CPU.Build.0 = Debug|Any CPU
		{1002756B-D4EB-4279-8715-F802A2468155}.Release|Any CPU.ActiveCfg = Release|Any CPU
		{1002756B-D4EB-4279-8715-F802A2468155}.Release|Any CPU.Build.0 = Release|Any CPU
		{E596A759-4E45-4191-B407-84E595FF0B11}.Debug|Any CPU.ActiveCfg = Debug|Any CPU
		{E596A759-4E45-4191-B407-84E595FF0B11}.Debug|Any CPU.Build.0 = Debug|Any CPU
		{E596A759-4E45-4191-B407-84E595FF0B11}.Release|Any CPU.ActiveCfg = Release|Any CPU
		{E596A759-4E45-4191-B407-84E595FF0B11}.Release|Any CPU.Build.0 = Release|Any CPU
	EndGlobalSection
	GlobalSection(SolutionProperties) = preSolution
		HideSolutionNode = FALSE
	EndGlobalSection
	GlobalSection(ExtensibilityGlobals) = postSolution
		SolutionGuid = {0F7F8A37-3C17-4D2F-8751-44544C957C6A}
	EndGlobalSection
EndGlobal
