
Microsoft Visual Studio Solution File, Format Version 12.00
# Visual Studio Version 16
VisualStudioVersion = 16.0.34114.132
MinimumVisualStudioVersion = 10.0.40219.1
Project("{FAE04EC0-301F-11D3-BF4B-00C04F79EFBC}") = "SupportSystem.WebAPI", "SupportSystem.WebAPI\SupportSystem.WebAPI.csproj", "{2638803D-76D7-4956-8054-1ACB9F2D7EEE}"
EndProject
Global
	GlobalSection(SolutionConfigurationPlatforms) = preSolution
		Debug|Any CPU = Debug|Any CPU
		Release|Any CPU = Release|Any CPU
	EndGlobalSection
	GlobalSection(ProjectConfigurationPlatforms) = postSolution
		{2638803D-76D7-4956-8054-1ACB9F2D7EEE}.Debug|Any CPU.ActiveCfg = Debug|Any CPU
		{2638803D-76D7-4956-8054-1ACB9F2D7EEE}.Debug|Any CPU.Build.0 = Debug|Any CPU
		{2638803D-76D7-4956-8054-1ACB9F2D7EEE}.Release|Any CPU.ActiveCfg = Release|Any CPU
		{2638803D-76D7-4956-8054-1ACB9F2D7EEE}.Release|Any CPU.Build.0 = Release|Any CPU
	EndGlobalSection
	GlobalSection(SolutionProperties) = preSolution
		HideSolutionNode = FALSE
	EndGlobalSection
	GlobalSection(ExtensibilityGlobals) = postSolution
		SolutionGuid = {048ADEC8-BF72-4108-8891-647EBB359431}
	EndGlobalSection
EndGlobal
