
Microsoft Visual Studio Solution File, Format Version 12.00
# Visual Studio Version 16
VisualStudioVersion = 16.0.34114.132
MinimumVisualStudioVersion = 10.0.40219.1
Project("{9A19103F-16F7-4668-BE54-9A1E7A4F7556}") = "SupportSystem.WebAPI", "SupportSystem.WebAPI\SupportSystem.WebAPI.csproj", "{2638803D-76D7-4956-8054-1ACB9F2D7EEE}"
EndProject
Project("{9A19103F-16F7-4668-BE54-9A1E7A4F7556}") = "SupportSystem.Backend.SQLServer", "..\SupportSystem.Backend.SQLServer\SupportSystem.Backend.SQLServer.csproj", "{8D290738-BDF3-47F9-A1B2-8C971FB9AFFE}"
EndProject
Project("{9A19103F-16F7-4668-BE54-9A1E7A4F7556}") = "SupportSystem.User", "..\SupportSystem.User\SupportSystem.User.csproj", "{10F7E560-A47B-4690-ADD1-35120AE53745}"
EndProject
Global
	GlobalSection(SolutionConfigurationPlatforms) = preSolution
		Debug|Any CPU = Debug|Any CPU
		Release|Any CPU = Release|Any CPU
	EndGlobalSection
	GlobalSection(ProjectConfigurationPlatforms) = postSolution
		{2638803D-76D7-4956-8054-1ACB9F2D7EEE}.Debug|Any CPU.ActiveCfg = Debug|Any CPU
		{2638803D-76D7-4956-8054-1ACB9F2D7EEE}.Debug|Any CPU.Build.0 = Debug|Any CPU
		{2638803D-76D7-4956-8054-1ACB9F2D7EEE}.Release|Any CPU.ActiveCfg = Release|Any CPU
		{2638803D-76D7-4956-8054-1ACB9F2D7EEE}.Release|Any CPU.Build.0 = Release|Any CPU
		{8D290738-BDF3-47F9-A1B2-8C971FB9AFFE}.Debug|Any CPU.ActiveCfg = Debug|Any CPU
		{8D290738-BDF3-47F9-A1B2-8C971FB9AFFE}.Debug|Any CPU.Build.0 = Debug|Any CPU
		{8D290738-BDF3-47F9-A1B2-8C971FB9AFFE}.Release|Any CPU.ActiveCfg = Release|Any CPU
		{8D290738-BDF3-47F9-A1B2-8C971FB9AFFE}.Release|Any CPU.Build.0 = Release|Any CPU
		{10F7E560-A47B-4690-ADD1-35120AE53745}.Debug|Any CPU.ActiveCfg = Debug|Any CPU
		{10F7E560-A47B-4690-ADD1-35120AE53745}.Debug|Any CPU.Build.0 = Debug|Any CPU
		{10F7E560-A47B-4690-ADD1-35120AE53745}.Release|Any CPU.ActiveCfg = Release|Any CPU
		{10F7E560-A47B-4690-ADD1-35120AE53745}.Release|Any CPU.Build.0 = Release|Any CPU
	EndGlobalSection
	GlobalSection(SolutionProperties) = preSolution
		HideSolutionNode = FALSE
	EndGlobalSection
	GlobalSection(ExtensibilityGlobals) = postSolution
		SolutionGuid = {048ADEC8-BF72-4108-8891-647EBB359431}
	EndGlobalSection
EndGlobal
