
Microsoft Visual Studio Solution File, Format Version 12.00
Project("{FAE04EC0-301F-11D3-BF4B-00C04F79EFBC}") = "SupportSystem.WebAPI.Tests", "SupportSystem.WebAPI.Tests\SupportSystem.WebAPI.Tests.csproj", "{4F6A340C-23E2-4338-9DB8-FFC3D8ED7771}"
EndProject
Project("{FAE04EC0-301F-11D3-BF4B-00C04F79EFBC}") = "SupportSystem.WebAPI", "..\SupportSystem.WebAPI\SupportSystem.WebAPI\SupportSystem.WebAPI.csproj", "{D462922D-4091-4F23-A84E-AF8CD798FBF2}"
EndProject
Global
	GlobalSection(SolutionConfigurationPlatforms) = preSolution
		Debug|Any CPU = Debug|Any CPU
		Release|Any CPU = Release|Any CPU
	EndGlobalSection
	GlobalSection(ProjectConfigurationPlatforms) = postSolution
		{4F6A340C-23E2-4338-9DB8-FFC3D8ED7771}.Debug|Any CPU.ActiveCfg = Debug|Any CPU
		{4F6A340C-23E2-4338-9DB8-FFC3D8ED7771}.Debug|Any CPU.Build.0 = Debug|Any CPU
		{4F6A340C-23E2-4338-9DB8-FFC3D8ED7771}.Release|Any CPU.ActiveCfg = Release|Any CPU
		{4F6A340C-23E2-4338-9DB8-FFC3D8ED7771}.Release|Any CPU.Build.0 = Release|Any CPU
		{D462922D-4091-4F23-A84E-AF8CD798FBF2}.Debug|Any CPU.ActiveCfg = Debug|Any CPU
		{D462922D-4091-4F23-A84E-AF8CD798FBF2}.Debug|Any CPU.Build.0 = Debug|Any CPU
		{D462922D-4091-4F23-A84E-AF8CD798FBF2}.Release|Any CPU.ActiveCfg = Release|Any CPU
		{D462922D-4091-4F23-A84E-AF8CD798FBF2}.Release|Any CPU.Build.0 = Release|Any CPU
	EndGlobalSection
EndGlobal
