
Microsoft Visual Studio Solution File, Format Version 12.00
# Visual Studio Version 17
VisualStudioVersion = 17.11.35312.102
MinimumVisualStudioVersion = 10.0.40219.1
Project("{9A19103F-16F7-4668-BE54-9A1E7A4F7556}") = "SupportSystem.User.MSSQL.Backend", "SupportSystem.User.MSSQL.Backend.csproj", "{E291A080-EF67-4505-A9DB-C27061C06ADE}"
EndProject
Project("{9A19103F-16F7-4668-BE54-9A1E7A4F7556}") = "SupportSystem.User.Backend.Interface", "..\SupportSystem.User.Backend.Interface\SupportSystem.User.Backend.Interface.csproj", "{9D17F3F0-2695-4250-B9D6-1A0BF8ABB97B}"
EndProject
Project("{9A19103F-16F7-4668-BE54-9A1E7A4F7556}") = "SupportSystem.Logger", "..\SupportSystem.Logger\SupportSystem.Logger.csproj", "{5FBC5155-FE01-4F6D-936A-05BD162D2F39}"
EndProject
Project("{9A19103F-16F7-4668-BE54-9A1E7A4F7556}") = "SupportSystem.User", "..\SupportSystem.User\SupportSystem.User.csproj", "{50323C7B-5488-44DF-99FD-53779973F646}"
EndProject
Project("{9A19103F-16F7-4668-BE54-9A1E7A4F7556}") = "SupportSystem.Ticket", "..\SupportSystem.Ticket\SupportSystem.Ticket.csproj", "{896561F8-A379-4396-A96B-EFE8A4D51F94}"
EndProject
Global
	GlobalSection(SolutionConfigurationPlatforms) = preSolution
		Debug|Any CPU = Debug|Any CPU
		Release|Any CPU = Release|Any CPU
	EndGlobalSection
	GlobalSection(ProjectConfigurationPlatforms) = postSolution
		{E291A080-EF67-4505-A9DB-C27061C06ADE}.Debug|Any CPU.ActiveCfg = Debug|Any CPU
		{E291A080-EF67-4505-A9DB-C27061C06ADE}.Debug|Any CPU.Build.0 = Debug|Any CPU
		{E291A080-EF67-4505-A9DB-C27061C06ADE}.Release|Any CPU.ActiveCfg = Release|Any CPU
		{E291A080-EF67-4505-A9DB-C27061C06ADE}.Release|Any CPU.Build.0 = Release|Any CPU
		{9D17F3F0-2695-4250-B9D6-1A0BF8ABB97B}.Debug|Any CPU.ActiveCfg = Debug|Any CPU
		{9D17F3F0-2695-4250-B9D6-1A0BF8ABB97B}.Debug|Any CPU.Build.0 = Debug|Any CPU
		{9D17F3F0-2695-4250-B9D6-1A0BF8ABB97B}.Release|Any CPU.ActiveCfg = Release|Any CPU
		{9D17F3F0-2695-4250-B9D6-1A0BF8ABB97B}.Release|Any CPU.Build.0 = Release|Any CPU
		{5FBC5155-FE01-4F6D-936A-05BD162D2F39}.Debug|Any CPU.ActiveCfg = Debug|Any CPU
		{5FBC5155-FE01-4F6D-936A-05BD162D2F39}.Debug|Any CPU.Build.0 = Debug|Any CPU
		{5FBC5155-FE01-4F6D-936A-05BD162D2F39}.Release|Any CPU.ActiveCfg = Release|Any CPU
		{5FBC5155-FE01-4F6D-936A-05BD162D2F39}.Release|Any CPU.Build.0 = Release|Any CPU
		{50323C7B-5488-44DF-99FD-53779973F646}.Debug|Any CPU.ActiveCfg = Debug|Any CPU
		{50323C7B-5488-44DF-99FD-53779973F646}.Debug|Any CPU.Build.0 = Debug|Any CPU
		{50323C7B-5488-44DF-99FD-53779973F646}.Release|Any CPU.ActiveCfg = Release|Any CPU
		{50323C7B-5488-44DF-99FD-53779973F646}.Release|Any CPU.Build.0 = Release|Any CPU
		{896561F8-A379-4396-A96B-EFE8A4D51F94}.Debug|Any CPU.ActiveCfg = Debug|Any CPU
		{896561F8-A379-4396-A96B-EFE8A4D51F94}.Debug|Any CPU.Build.0 = Debug|Any CPU
		{896561F8-A379-4396-A96B-EFE8A4D51F94}.Release|Any CPU.ActiveCfg = Release|Any CPU
		{896561F8-A379-4396-A96B-EFE8A4D51F94}.Release|Any CPU.Build.0 = Release|Any CPU
	EndGlobalSection
	GlobalSection(SolutionProperties) = preSolution
		HideSolutionNode = FALSE
	EndGlobalSection
	GlobalSection(ExtensibilityGlobals) = postSolution
		SolutionGuid = {A1B03DDC-D1D6-41C0-B546-104797E555BA}
	EndGlobalSection
EndGlobal
